
Microsoft Visual Studio Solution File, Format Version 12.00
# Visual Studio Version 17
VisualStudioVersion = 17.5.33530.505
MinimumVisualStudioVersion = 10.0.40219.1
Project("{9A19103F-16F7-4668-BE54-9A1E7A4F7556}") = "ClienteWeb", "ClienteWeb\ClienteWeb.csproj", "{408EDAF8-1BC3-4683-8F13-4D78C686A711}"
EndProject
Global
	GlobalSection(SolutionConfigurationPlatforms) = preSolution
		Debug|Any CPU = Debug|Any CPU
		Release|Any CPU = Release|Any CPU
	EndGlobalSection
	GlobalSection(ProjectConfigurationPlatforms) = postSolution
		{408EDAF8-1BC3-4683-8F13-4D78C686A711}.Debug|Any CPU.ActiveCfg = Debug|Any CPU
		{408EDAF8-1BC3-4683-8F13-4D78C686A711}.Debug|Any CPU.Build.0 = Debug|Any CPU
		{408EDAF8-1BC3-4683-8F13-4D78C686A711}.Release|Any CPU.ActiveCfg = Release|Any CPU
		{408EDAF8-1BC3-4683-8F13-4D78C686A711}.Release|Any CPU.Build.0 = Release|Any CPU
	EndGlobalSection
	GlobalSection(SolutionProperties) = preSolution
		HideSolutionNode = FALSE
	EndGlobalSection
	GlobalSection(ExtensibilityGlobals) = postSolution
		SolutionGuid = {4F400DC7-3314-4249-832C-84C70C12BAB4}
	EndGlobalSection
EndGlobal
