
Microsoft Visual Studio Solution File, Format Version 12.00
# Visual Studio Version 17
VisualStudioVersion = 17.0.32126.317
MinimumVisualStudioVersion = 10.0.40219.1
Project("{FAE04EC0-301F-11D3-BF4B-00C04F79EFBC}") = "TurismoSV_client", "TurismoSV_client\TurismoSV_client.csproj", "{D49015E9-E8C9-4F85-AE1E-9A7EE0A191E2}"
EndProject
Global
	GlobalSection(SolutionConfigurationPlatforms) = preSolution
		Debug|Any CPU = Debug|Any CPU
		Release|Any CPU = Release|Any CPU
	EndGlobalSection
	GlobalSection(ProjectConfigurationPlatforms) = postSolution
		{D49015E9-E8C9-4F85-AE1E-9A7EE0A191E2}.Debug|Any CPU.ActiveCfg = Debug|Any CPU
		{D49015E9-E8C9-4F85-AE1E-9A7EE0A191E2}.Debug|Any CPU.Build.0 = Debug|Any CPU
		{D49015E9-E8C9-4F85-AE1E-9A7EE0A191E2}.Release|Any CPU.ActiveCfg = Release|Any CPU
		{D49015E9-E8C9-4F85-AE1E-9A7EE0A191E2}.Release|Any CPU.Build.0 = Release|Any CPU
	EndGlobalSection
	GlobalSection(SolutionProperties) = preSolution
		HideSolutionNode = FALSE
	EndGlobalSection
	GlobalSection(ExtensibilityGlobals) = postSolution
		SolutionGuid = {F73AAEC2-1999-45F3-9F0C-CCBF4D61F856}
	EndGlobalSection
EndGlobal
